// !$*UTF8*$!
{
	archiveVersion = 1;
	classes = {
	};
	objectVersion = 56;
	objects = {

/* Begin PBXBuildFile section */
		899DDA8F29D8AEF700966B58 /* AppDelegate.swift in Sources */ = {isa = PBXBuildFile; fileRef = 899DDA8E29D8AEF700966B58 /* AppDelegate.swift */; };
		899DDA9129D8AEF700966B58 /* SceneDelegate.swift in Sources */ = {isa = PBXBuildFile; fileRef = 899DDA9029D8AEF700966B58 /* SceneDelegate.swift */; };
		899DDA9329D8AEF700966B58 /* ViewController.swift in Sources */ = {isa = PBXBuildFile; fileRef = 899DDA9229D8AEF700966B58 /* ViewController.swift */; };
		899DDA9629D8AEF700966B58 /* Main.storyboard in Resources */ = {isa = PBXBuildFile; fileRef = 899DDA9429D8AEF700966B58 /* Main.storyboard */; };
		899DDA9829D8AEF900966B58 /* Assets.xcassets in Resources */ = {isa = PBXBuildFile; fileRef = 899DDA9729D8AEF900966B58 /* Assets.xcassets */; };
		899DDA9B29D8AEF900966B58 /* LaunchScreen.storyboard in Resources */ = {isa = PBXBuildFile; fileRef = 899DDA9929D8AEF900966B58 /* LaunchScreen.storyboard */; };
		899DDAA329D8B1B800966B58 /* PlantCollectionViewCell.swift in Sources */ = {isa = PBXBuildFile; fileRef = 899DDAA229D8B1B800966B58 /* PlantCollectionViewCell.swift */; };
		899DDAA529D8DCC000966B58 /* HomeViewController.swift in Sources */ = {isa = PBXBuildFile; fileRef = 899DDAA429D8DCC000966B58 /* HomeViewController.swift */; };
		899DDAA729D8DCD800966B58 /* HomeCollectionViewCell.swift in Sources */ = {isa = PBXBuildFile; fileRef = 899DDAA629D8DCD800966B58 /* HomeCollectionViewCell.swift */; };
		899DDAA929D8EB3100966B58 /* PhotosViewController.swift in Sources */ = {isa = PBXBuildFile; fileRef = 899DDAA829D8EB3100966B58 /* PhotosViewController.swift */; };
		899DDAAB29D8EB5000966B58 /* PhotosCollectionViewCell.swift in Sources */ = {isa = PBXBuildFile; fileRef = 899DDAAA29D8EB5000966B58 /* PhotosCollectionViewCell.swift */; };
		899DDAAD29D8EB7A00966B58 /* PhotosCollectionReusableView.swift in Sources */ = {isa = PBXBuildFile; fileRef = 899DDAAC29D8EB7A00966B58 /* PhotosCollectionReusableView.swift */; };
		899DDAAF29D90A4E00966B58 /* productViewController.swift in Sources */ = {isa = PBXBuildFile; fileRef = 899DDAAE29D90A4E00966B58 /* productViewController.swift */; };
		899DDAB129D90A6D00966B58 /* ProductTableViewCell.swift in Sources */ = {isa = PBXBuildFile; fileRef = 899DDAB029D90A6D00966B58 /* ProductTableViewCell.swift */; };
		899DDAB329D90A7F00966B58 /* ProductCollectionViewCell.swift in Sources */ = {isa = PBXBuildFile; fileRef = 899DDAB229D90A7F00966B58 /* ProductCollectionViewCell.swift */; };
/* End PBXBuildFile section */

/* Begin PBXFileReference section */
		899DDA8B29D8AEF700966B58 /* CollectionView.app */ = {isa = PBXFileReference; explicitFileType = wrapper.application; includeInIndex = 0; path = CollectionView.app; sourceTree = BUILT_PRODUCTS_DIR; };
		899DDA8E29D8AEF700966B58 /* AppDelegate.swift */ = {isa = PBXFileReference; lastKnownFileType = sourcecode.swift; path = AppDelegate.swift; sourceTree = "<group>"; };
		899DDA9029D8AEF700966B58 /* SceneDelegate.swift */ = {isa = PBXFileReference; lastKnownFileType = sourcecode.swift; path = SceneDelegate.swift; sourceTree = "<group>"; };
		899DDA9229D8AEF700966B58 /* ViewController.swift */ = {isa = PBXFileReference; lastKnownFileType = sourcecode.swift; path = ViewController.swift; sourceTree = "<group>"; };
		899DDA9529D8AEF700966B58 /* Base */ = {isa = PBXFileReference; lastKnownFileType = file.storyboard; name = Base; path = Base.lproj/Main.storyboard; sourceTree = "<group>"; };
		899DDA9729D8AEF900966B58 /* Assets.xcassets */ = {isa = PBXFileReference; lastKnownFileType = folder.assetcatalog; path = Assets.xcassets; sourceTree = "<group>"; };
		899DDA9A29D8AEF900966B58 /* Base */ = {isa = PBXFileReference; lastKnownFileType = file.storyboard; name = Base; path = Base.lproj/LaunchScreen.storyboard; sourceTree = "<group>"; };
		899DDA9C29D8AEF900966B58 /* Info.plist */ = {isa = PBXFileReference; lastKnownFileType = text.plist.xml; path = Info.plist; sourceTree = "<group>"; };
		899DDAA229D8B1B800966B58 /* PlantCollectionViewCell.swift */ = {isa = PBXFileReference; lastKnownFileType = sourcecode.swift; path = PlantCollectionViewCell.swift; sourceTree = "<group>"; };
		899DDAA429D8DCC000966B58 /* HomeViewController.swift */ = {isa = PBXFileReference; lastKnownFileType = sourcecode.swift; path = HomeViewController.swift; sourceTree = "<group>"; };
		899DDAA629D8DCD800966B58 /* HomeCollectionViewCell.swift */ = {isa = PBXFileReference; lastKnownFileType = sourcecode.swift; path = HomeCollectionViewCell.swift; sourceTree = "<group>"; };
		899DDAA829D8EB3100966B58 /* PhotosViewController.swift */ = {isa = PBXFileReference; lastKnownFileType = sourcecode.swift; path = PhotosViewController.swift; sourceTree = "<group>"; };
		899DDAAA29D8EB5000966B58 /* PhotosCollectionViewCell.swift */ = {isa = PBXFileReference; lastKnownFileType = sourcecode.swift; path = PhotosCollectionViewCell.swift; sourceTree = "<group>"; };
		899DDAAC29D8EB7A00966B58 /* PhotosCollectionReusableView.swift */ = {isa = PBXFileReference; lastKnownFileType = sourcecode.swift; path = PhotosCollectionReusableView.swift; sourceTree = "<group>"; };
		899DDAAE29D90A4E00966B58 /* productViewController.swift */ = {isa = PBXFileReference; lastKnownFileType = sourcecode.swift; path = productViewController.swift; sourceTree = "<group>"; };
		899DDAB029D90A6D00966B58 /* ProductTableViewCell.swift */ = {isa = PBXFileReference; lastKnownFileType = sourcecode.swift; path = ProductTableViewCell.swift; sourceTree = "<group>"; };
		899DDAB229D90A7F00966B58 /* ProductCollectionViewCell.swift */ = {isa = PBXFileReference; lastKnownFileType = sourcecode.swift; path = ProductCollectionViewCell.swift; sourceTree = "<group>"; };
/* End PBXFileReference section */

/* Begin PBXFrameworksBuildPhase section */
		899DDA8829D8AEF700966B58 /* Frameworks */ = {
			isa = PBXFrameworksBuildPhase;
			buildActionMask = 2147483647;
			files = (
			);
			runOnlyForDeploymentPostprocessing = 0;
		};
/* End PBXFrameworksBuildPhase section */

/* Begin PBXGroup section */
		899DDA8229D8AEF700966B58 = {
			isa = PBXGroup;
			children = (
				899DDA8D29D8AEF700966B58 /* CollectionView */,
				899DDA8C29D8AEF700966B58 /* Products */,
			);
			sourceTree = "<group>";
		};
		899DDA8C29D8AEF700966B58 /* Products */ = {
			isa = PBXGroup;
			children = (
				899DDA8B29D8AEF700966B58 /* CollectionView.app */,
			);
			name = Products;
			sourceTree = "<group>";
		};
		899DDA8D29D8AEF700966B58 /* CollectionView */ = {
			isa = PBXGroup;
			children = (
				899DDA8E29D8AEF700966B58 /* AppDelegate.swift */,
				899DDA9029D8AEF700966B58 /* SceneDelegate.swift */,
				899DDA9229D8AEF700966B58 /* ViewController.swift */,
				899DDA9429D8AEF700966B58 /* Main.storyboard */,
				899DDA9729D8AEF900966B58 /* Assets.xcassets */,
				899DDA9929D8AEF900966B58 /* LaunchScreen.storyboard */,
				899DDA9C29D8AEF900966B58 /* Info.plist */,
				899DDAA229D8B1B800966B58 /* PlantCollectionViewCell.swift */,
				899DDAA429D8DCC000966B58 /* HomeViewController.swift */,
				899DDAA629D8DCD800966B58 /* HomeCollectionViewCell.swift */,
				899DDAA829D8EB3100966B58 /* PhotosViewController.swift */,
				899DDAAA29D8EB5000966B58 /* PhotosCollectionViewCell.swift */,
				899DDAAC29D8EB7A00966B58 /* PhotosCollectionReusableView.swift */,
				899DDAAE29D90A4E00966B58 /* productViewController.swift */,
				899DDAB029D90A6D00966B58 /* ProductTableViewCell.swift */,
				899DDAB229D90A7F00966B58 /* ProductCollectionViewCell.swift */,
			);
			path = CollectionView;
			sourceTree = "<group>";
		};
/* End PBXGroup section */

/* Begin PBXNativeTarget section */
		899DDA8A29D8AEF700966B58 /* CollectionView */ = {
			isa = PBXNativeTarget;
			buildConfigurationList = 899DDA9F29D8AEF900966B58 /* Build configuration list for PBXNativeTarget "CollectionView" */;
			buildPhases = (
				899DDA8729D8AEF700966B58 /* Sources */,
				899DDA8829D8AEF700966B58 /* Frameworks */,
				899DDA8929D8AEF700966B58 /* Resources */,
			);
			buildRules = (
			);
			dependencies = (
			);
			name = CollectionView;
			productName = CollectionView;
			productReference = 899DDA8B29D8AEF700966B58 /* CollectionView.app */;
			productType = "com.apple.product-type.application";
		};
/* End PBXNativeTarget section */

/* Begin PBXProject section */
		899DDA8329D8AEF700966B58 /* Project object */ = {
			isa = PBXProject;
			attributes = {
				BuildIndependentTargetsInParallel = 1;
				LastSwiftUpdateCheck = 1420;
				LastUpgradeCheck = 1420;
				TargetAttributes = {
					899DDA8A29D8AEF700966B58 = {
						CreatedOnToolsVersion = 14.2;
					};
				};
			};
			buildConfigurationList = 899DDA8629D8AEF700966B58 /* Build configuration list for PBXProject "CollectionView" */;
			compatibilityVersion = "Xcode 14.0";
			developmentRegion = en;
			hasScannedForEncodings = 0;
			knownRegions = (
				en,
				Base,
			);
			mainGroup = 899DDA8229D8AEF700966B58;
			productRefGroup = 899DDA8C29D8AEF700966B58 /* Products */;
			projectDirPath = "";
			projectRoot = "";
			targets = (
				899DDA8A29D8AEF700966B58 /* CollectionView */,
			);
		};
/* End PBXProject section */

/* Begin PBXResourcesBuildPhase section */
		899DDA8929D8AEF700966B58 /* Resources */ = {
			isa = PBXResourcesBuildPhase;
			buildActionMask = 2147483647;
			files = (
				899DDA9B29D8AEF900966B58 /* LaunchScreen.storyboard in Resources */,
				899DDA9829D8AEF900966B58 /* Assets.xcassets in Resources */,
				899DDA9629D8AEF700966B58 /* Main.storyboard in Resources */,
			);
			runOnlyForDeploymentPostprocessing = 0;
		};
/* End PBXResourcesBuildPhase section */

/* Begin PBXSourcesBuildPhase section */
		899DDA8729D8AEF700966B58 /* Sources */ = {
			isa = PBXSourcesBuildPhase;
			buildActionMask = 2147483647;
			files = (
				899DDAAF29D90A4E00966B58 /* productViewController.swift in Sources */,
				899DDAA529D8DCC000966B58 /* HomeViewController.swift in Sources */,
				899DDA9329D8AEF700966B58 /* ViewController.swift in Sources */,
				899DDA8F29D8AEF700966B58 /* AppDelegate.swift in Sources */,
				899DDAA329D8B1B800966B58 /* PlantCollectionViewCell.swift in Sources */,
				899DDAA929D8EB3100966B58 /* PhotosViewController.swift in Sources */,
				899DDAAD29D8EB7A00966B58 /* PhotosCollectionReusableView.swift in Sources */,
				899DDAB129D90A6D00966B58 /* ProductTableViewCell.swift in Sources */,
				899DDAAB29D8EB5000966B58 /* PhotosCollectionViewCell.swift in Sources */,
				899DDA9129D8AEF700966B58 /* SceneDelegate.swift in Sources */,
				899DDAB329D90A7F00966B58 /* ProductCollectionViewCell.swift in Sources */,
				899DDAA729D8DCD800966B58 /* HomeCollectionViewCell.swift in Sources */,
			);
			runOnlyForDeploymentPostprocessing = 0;
		};
/* End PBXSourcesBuildPhase section */

/* Begin PBXVariantGroup section */
		899DDA9429D8AEF700966B58 /* Main.storyboard */ = {
			isa = PBXVariantGroup;
			children = (
				899DDA9529D8AEF700966B58 /* Base */,
			);
			name = Main.storyboard;
			sourceTree = "<group>";
		};
		899DDA9929D8AEF900966B58 /* LaunchScreen.storyboard */ = {
			isa = PBXVariantGroup;
			children = (
				899DDA9A29D8AEF900966B58 /* Base */,
			);
			name = LaunchScreen.storyboard;
			sourceTree = "<group>";
		};
/* End PBXVariantGroup section */

/* Begin XCBuildConfiguration section */
		899DDA9D29D8AEF900966B58 /* Debug */ = {
			isa = XCBuildConfiguration;
			buildSettings = {
				ALWAYS_SEARCH_USER_PATHS = NO;
				CLANG_ANALYZER_NONNULL = YES;
				CLANG_ANALYZER_NUMBER_OBJECT_CONVERSION = YES_AGGRESSIVE;
				CLANG_CXX_LANGUAGE_STANDARD = "gnu++20";
				CLANG_ENABLE_MODULES = YES;
				CLANG_ENABLE_OBJC_ARC = YES;
				CLANG_ENABLE_OBJC_WEAK = YES;
				CLANG_WARN_BLOCK_CAPTURE_AUTORELEASING = YES;
				CLANG_WARN_BOOL_CONVERSION = YES;
				CLANG_WARN_COMMA = YES;
				CLANG_WARN_CONSTANT_CONVERSION = YES;
				CLANG_WARN_DEPRECATED_OBJC_IMPLEMENTATIONS = YES;
				CLANG_WARN_DIRECT_OBJC_ISA_USAGE = YES_ERROR;
				CLANG_WARN_DOCUMENTATION_COMMENTS = YES;
				CLANG_WARN_EMPTY_BODY = YES;
				CLANG_WARN_ENUM_CONVERSION = YES;
				CLANG_WARN_INFINITE_RECURSION = YES;
				CLANG_WARN_INT_CONVERSION = YES;
				CLANG_WARN_NON_LITERAL_NULL_CONVERSION = YES;
				CLANG_WARN_OBJC_IMPLICIT_RETAIN_SELF = YES;
				CLANG_WARN_OBJC_LITERAL_CONVERSION = YES;
				CLANG_WARN_OBJC_ROOT_CLASS = YES_ERROR;
				CLANG_WARN_QUOTED_INCLUDE_IN_FRAMEWORK_HEADER = YES;
				CLANG_WARN_RANGE_LOOP_ANALYSIS = YES;
				CLANG_WARN_STRICT_PROTOTYPES = YES;
				CLANG_WARN_SUSPICIOUS_MOVE = YES;
				CLANG_WARN_UNGUARDED_AVAILABILITY = YES_AGGRESSIVE;
				CLANG_WARN_UNREACHABLE_CODE = YES;
				CLANG_WARN__DUPLICATE_METHOD_MATCH = YES;
				COPY_PHASE_STRIP = NO;
				DEBUG_INFORMATION_FORMAT = dwarf;
				ENABLE_STRICT_OBJC_MSGSEND = YES;
				ENABLE_TESTABILITY = YES;
				GCC_C_LANGUAGE_STANDARD = gnu11;
				GCC_DYNAMIC_NO_PIC = NO;
				GCC_NO_COMMON_BLOCKS = YES;
				GCC_OPTIMIZATION_LEVEL = 0;
				GCC_PREPROCESSOR_DEFINITIONS = (
					"DEBUG=1",
					"$(inherited)",
				);
				GCC_WARN_64_TO_32_BIT_CONVERSION = YES;
				GCC_WARN_ABOUT_RETURN_TYPE = YES_ERROR;
				GCC_WARN_UNDECLARED_SELECTOR = YES;
				GCC_WARN_UNINITIALIZED_AUTOS = YES_AGGRESSIVE;
				GCC_WARN_UNUSED_FUNCTION = YES;
				GCC_WARN_UNUSED_VARIABLE = YES;
				IPHONEOS_DEPLOYMENT_TARGET = 16.2;
				MTL_ENABLE_DEBUG_INFO = INCLUDE_SOURCE;
				MTL_FAST_MATH = YES;
				ONLY_ACTIVE_ARCH = YES;
				SDKROOT = iphoneos;
				SWIFT_ACTIVE_COMPILATION_CONDITIONS = DEBUG;
				SWIFT_OPTIMIZATION_LEVEL = "-Onone";
			};
			name = Debug;
		};
		899DDA9E29D8AEF900966B58 /* Release */ = {
			isa = XCBuildConfiguration;
			buildSettings = {
				ALWAYS_SEARCH_USER_PATHS = NO;
				CLANG_ANALYZER_NONNULL = YES;
				CLANG_ANALYZER_NUMBER_OBJECT_CONVERSION = YES_AGGRESSIVE;
				CLANG_CXX_LANGUAGE_STANDARD = "gnu++20";
				CLANG_ENABLE_MODULES = YES;
				CLANG_ENABLE_OBJC_ARC = YES;
				CLANG_ENABLE_OBJC_WEAK = YES;
				CLANG_WARN_BLOCK_CAPTURE_AUTORELEASING = YES;
				CLANG_WARN_BOOL_CONVERSION = YES;
				CLANG_WARN_COMMA = YES;
				CLANG_WARN_CONSTANT_CONVERSION = YES;
				CLANG_WARN_DEPRECATED_OBJC_IMPLEMENTATIONS = YES;
				CLANG_WARN_DIRECT_OBJC_ISA_USAGE = YES_ERROR;
				CLANG_WARN_DOCUMENTATION_COMMENTS = YES;
				CLANG_WARN_EMPTY_BODY = YES;
				CLANG_WARN_ENUM_CONVERSION = YES;
				CLANG_WARN_INFINITE_RECURSION = YES;
				CLANG_WARN_INT_CONVERSION = YES;
				CLANG_WARN_NON_LITERAL_NULL_CONVERSION = YES;
				CLANG_WARN_OBJC_IMPLICIT_RETAIN_SELF = YES;
				CLANG_WARN_OBJC_LITERAL_CONVERSION = YES;
				CLANG_WARN_OBJC_ROOT_CLASS = YES_ERROR;
				CLANG_WARN_QUOTED_INCLUDE_IN_FRAMEWORK_HEADER = YES;
				CLANG_WARN_RANGE_LOOP_ANALYSIS = YES;
				CLANG_WARN_STRICT_PROTOTYPES = YES;
				CLANG_WARN_SUSPICIOUS_MOVE = YES;
				CLANG_WARN_UNGUARDED_AVAILABILITY = YES_AGGRESSIVE;
				CLANG_WARN_UNREACHABLE_CODE = YES;
				CLANG_WARN__DUPLICATE_METHOD_MATCH = YES;
				COPY_PHASE_STRIP = NO;
				DEBUG_INFORMATION_FORMAT = "dwarf-with-dsym";
				ENABLE_NS_ASSERTIONS = NO;
				ENABLE_STRICT_OBJC_MSGSEND = YES;
				GCC_C_LANGUAGE_STANDARD = gnu11;
				GCC_NO_COMMON_BLOCKS = YES;
				GCC_WARN_64_TO_32_BIT_CONVERSION = YES;
				GCC_WARN_ABOUT_RETURN_TYPE = YES_ERROR;
				GCC_WARN_UNDECLARED_SELECTOR = YES;
				GCC_WARN_UNINITIALIZED_AUTOS = YES_AGGRESSIVE;
				GCC_WARN_UNUSED_FUNCTION = YES;
				GCC_WARN_UNUSED_VARIABLE = YES;
				IPHONEOS_DEPLOYMENT_TARGET = 16.2;
				MTL_ENABLE_DEBUG_INFO = NO;
				MTL_FAST_MATH = YES;
				SDKROOT = iphoneos;
				SWIFT_COMPILATION_MODE = wholemodule;
				SWIFT_OPTIMIZATION_LEVEL = "-O";
				VALIDATE_PRODUCT = YES;
			};
			name = Release;
		};
		899DDAA029D8AEF900966B58 /* Debug */ = {
			isa = XCBuildConfiguration;
			buildSettings = {
				ASSETCATALOG_COMPILER_APPICON_NAME = AppIcon;
				ASSETCATALOG_COMPILER_GLOBAL_ACCENT_COLOR_NAME = AccentColor;
				CODE_SIGN_STYLE = Automatic;
				CURRENT_PROJECT_VERSION = 1;
				GENERATE_INFOPLIST_FILE = YES;
				INFOPLIST_FILE = CollectionView/Info.plist;
				INFOPLIST_KEY_UIApplicationSupportsIndirectInputEvents = YES;
				INFOPLIST_KEY_UILaunchStoryboardName = LaunchScreen;
				INFOPLIST_KEY_UIMainStoryboardFile = Main;
				INFOPLIST_KEY_UISupportedInterfaceOrientations_iPad = "UIInterfaceOrientationPortrait UIInterfaceOrientationPortraitUpsideDown UIInterfaceOrientationLandscapeLeft UIInterfaceOrientationLandscapeRight";
				INFOPLIST_KEY_UISupportedInterfaceOrientations_iPhone = "UIInterfaceOrientationPortrait UIInterfaceOrientationLandscapeLeft UIInterfaceOrientationLandscapeRight";
				LD_RUNPATH_SEARCH_PATHS = (
					"$(inherited)",
					"@executable_path/Frameworks",
				);
				MARKETING_VERSION = 1.0;
				PRODUCT_BUNDLE_IDENTIFIER = hatem.CollectionView;
				PRODUCT_NAME = "$(TARGET_NAME)";
				SWIFT_EMIT_LOC_STRINGS = YES;
				SWIFT_VERSION = 5.0;
				TARGETED_DEVICE_FAMILY = "1,2";
			};
			name = Debug;
		};
		899DDAA129D8AEF900966B58 /* Release */ = {
			isa = XCBuildConfiguration;
			buildSettings = {
				ASSETCATALOG_COMPILER_APPICON_NAME = AppIcon;
				ASSETCATALOG_COMPILER_GLOBAL_ACCENT_COLOR_NAME = AccentColor;
				CODE_SIGN_STYLE = Automatic;
				CURRENT_PROJECT_VERSION = 1;
				GENERATE_INFOPLIST_FILE = YES;
				INFOPLIST_FILE = CollectionView/Info.plist;
				INFOPLIST_KEY_UIApplicationSupportsIndirectInputEvents = YES;
				INFOPLIST_KEY_UILaunchStoryboardName = LaunchScreen;
				INFOPLIST_KEY_UIMainStoryboardFile = Main;
				INFOPLIST_KEY_UISupportedInterfaceOrientations_iPad = "UIInterfaceOrientationPortrait UIInterfaceOrientationPortraitUpsideDown UIInterfaceOrientationLandscapeLeft UIInterfaceOrientationLandscapeRight";
				INFOPLIST_KEY_UISupportedInterfaceOrientations_iPhone = "UIInterfaceOrientationPortrait UIInterfaceOrientationLandscapeLeft UIInterfaceOrientationLandscapeRight";
				LD_RUNPATH_SEARCH_PATHS = (
					"$(inherited)",
					"@executable_path/Frameworks",
				);
				MARKETING_VERSION = 1.0;
				PRODUCT_BUNDLE_IDENTIFIER = hatem.CollectionView;
				PRODUCT_NAME = "$(TARGET_NAME)";
				SWIFT_EMIT_LOC_STRINGS = YES;
				SWIFT_VERSION = 5.0;
				TARGETED_DEVICE_FAMILY = "1,2";
			};
			name = Release;
		};
/* End XCBuildConfiguration section */

/* Begin XCConfigurationList section */
		899DDA8629D8AEF700966B58 /* Build configuration list for PBXProject "CollectionView" */ = {
			isa = XCConfigurationList;
			buildConfigurations = (
				899DDA9D29D8AEF900966B58 /* Debug */,
				899DDA9E29D8AEF900966B58 /* Release */,
			);
			defaultConfigurationIsVisible = 0;
			defaultConfigurationName = Release;
		};
		899DDA9F29D8AEF900966B58 /* Build configuration list for PBXNativeTarget "CollectionView" */ = {
			isa = XCConfigurationList;
			buildConfigurations = (
				899DDAA029D8AEF900966B58 /* Debug */,
				899DDAA129D8AEF900966B58 /* Release */,
			);
			defaultConfigurationIsVisible = 0;
			defaultConfigurationName = Release;
		};
/* End XCConfigurationList section */
	};
	rootObject = 899DDA8329D8AEF700966B58 /* Project object */;
}
